
Microsoft Visual Studio Solution File, Format Version 12.00
# Visual Studio Version 17
VisualStudioVersion = 17.0.31903.59
MinimumVisualStudioVersion = 10.0.40219.1
Project("{9A19103F-16F7-4668-BE54-9A1E7A4F7556}") = "LLBLDemo", "LLBLDemo\LLBLDemo.csproj", "{7153200A-B8B9-4021-9B3C-D0FADB7B4696}"
EndProject
Project("{2150E333-8FDC-42A3-9474-1A3956D46DE8}") = "Data", "Data", "{70674963-242E-48EF-BE02-760CA02816DA}"
EndProject
Project("{9A19103F-16F7-4668-BE54-9A1E7A4F7556}") = "Demo", "Data\DatabaseGeneric\Demo.csproj", "{759ACBB7-02DB-4ECC-8272-A79A3D9D5111}"
EndProject
Project("{9A19103F-16F7-4668-BE54-9A1E7A4F7556}") = "DemoDBSpecific", "Data\DatabaseSpecific\DemoDBSpecific.csproj", "{BA2C4AFA-00EC-43EA-B993-C0E6CEC2CF44}"
EndProject
Project("{9A19103F-16F7-4668-BE54-9A1E7A4F7556}") = "Views", "Data\Views\Views.csproj", "{BA39AAE0-1C41-4C16-BF06-832EDBABCAA8}"
EndProject
Project("{9A19103F-16F7-4668-BE54-9A1E7A4F7556}") = "Views.Persistence", "Data\Views.Persistence\Views.Persistence.csproj", "{8A63FD26-9944-43EE-8C12-97B6CC0C297D}"
EndProject
Global
	GlobalSection(SolutionConfigurationPlatforms) = preSolution
		Debug|Any CPU = Debug|Any CPU
		Release|Any CPU = Release|Any CPU
	EndGlobalSection
	GlobalSection(ProjectConfigurationPlatforms) = postSolution
		{7153200A-B8B9-4021-9B3C-D0FADB7B4696}.Debug|Any CPU.ActiveCfg = Debug|Any CPU
		{7153200A-B8B9-4021-9B3C-D0FADB7B4696}.Debug|Any CPU.Build.0 = Debug|Any CPU
		{7153200A-B8B9-4021-9B3C-D0FADB7B4696}.Release|Any CPU.ActiveCfg = Release|Any CPU
		{7153200A-B8B9-4021-9B3C-D0FADB7B4696}.Release|Any CPU.Build.0 = Release|Any CPU
		{759ACBB7-02DB-4ECC-8272-A79A3D9D5111}.Debug|Any CPU.ActiveCfg = Debug|Any CPU
		{759ACBB7-02DB-4ECC-8272-A79A3D9D5111}.Debug|Any CPU.Build.0 = Debug|Any CPU
		{759ACBB7-02DB-4ECC-8272-A79A3D9D5111}.Release|Any CPU.ActiveCfg = Release|Any CPU
		{759ACBB7-02DB-4ECC-8272-A79A3D9D5111}.Release|Any CPU.Build.0 = Release|Any CPU
		{BA2C4AFA-00EC-43EA-B993-C0E6CEC2CF44}.Debug|Any CPU.ActiveCfg = Debug|Any CPU
		{BA2C4AFA-00EC-43EA-B993-C0E6CEC2CF44}.Debug|Any CPU.Build.0 = Debug|Any CPU
		{BA2C4AFA-00EC-43EA-B993-C0E6CEC2CF44}.Release|Any CPU.ActiveCfg = Release|Any CPU
		{BA2C4AFA-00EC-43EA-B993-C0E6CEC2CF44}.Release|Any CPU.Build.0 = Release|Any CPU
		{BA39AAE0-1C41-4C16-BF06-832EDBABCAA8}.Debug|Any CPU.ActiveCfg = Debug|Any CPU
		{BA39AAE0-1C41-4C16-BF06-832EDBABCAA8}.Debug|Any CPU.Build.0 = Debug|Any CPU
		{BA39AAE0-1C41-4C16-BF06-832EDBABCAA8}.Release|Any CPU.ActiveCfg = Release|Any CPU
		{BA39AAE0-1C41-4C16-BF06-832EDBABCAA8}.Release|Any CPU.Build.0 = Release|Any CPU
		{8A63FD26-9944-43EE-8C12-97B6CC0C297D}.Debug|Any CPU.ActiveCfg = Debug|Any CPU
		{8A63FD26-9944-43EE-8C12-97B6CC0C297D}.Debug|Any CPU.Build.0 = Debug|Any CPU
		{8A63FD26-9944-43EE-8C12-97B6CC0C297D}.Release|Any CPU.ActiveCfg = Release|Any CPU
		{8A63FD26-9944-43EE-8C12-97B6CC0C297D}.Release|Any CPU.Build.0 = Release|Any CPU
	EndGlobalSection
	GlobalSection(SolutionProperties) = preSolution
		HideSolutionNode = FALSE
	EndGlobalSection
	GlobalSection(NestedProjects) = preSolution
		{759ACBB7-02DB-4ECC-8272-A79A3D9D5111} = {70674963-242E-48EF-BE02-760CA02816DA}
		{BA2C4AFA-00EC-43EA-B993-C0E6CEC2CF44} = {70674963-242E-48EF-BE02-760CA02816DA}
		{BA39AAE0-1C41-4C16-BF06-832EDBABCAA8} = {70674963-242E-48EF-BE02-760CA02816DA}
		{8A63FD26-9944-43EE-8C12-97B6CC0C297D} = {70674963-242E-48EF-BE02-760CA02816DA}
	EndGlobalSection
	GlobalSection(ExtensibilityGlobals) = postSolution
		SolutionGuid = {43CFE806-178C-42D9-8ADD-8C0965D406D9}
	EndGlobalSection
EndGlobal
